
Microsoft Visual Studio Solution File, Format Version 12.00
# Visual Studio Version 16
VisualStudioVersion = 16.0.29424.173
MinimumVisualStudioVersion = 10.0.40219.1
Project("{8BC9CEB8-8B4A-11D0-8D11-00A0C91BC942}") = "Competetive", "Competetive\Competetive.vcxproj", "{6DF1ABE0-7099-4143-8BE1-21CB9E1E64E0}"
EndProject
Global
	GlobalSection(SolutionConfigurationPlatforms) = preSolution
		Debug|x64 = Debug|x64
		Debug|x86 = Debug|x86
		Release|x64 = Release|x64
		Release|x86 = Release|x86
	EndGlobalSection
	GlobalSection(ProjectConfigurationPlatforms) = postSolution
		{6DF1ABE0-7099-4143-8BE1-21CB9E1E64E0}.Debug|x64.ActiveCfg = Debug|x64
		{6DF1ABE0-7099-4143-8BE1-21CB9E1E64E0}.Debug|x64.Build.0 = Debug|x64
		{6DF1ABE0-7099-4143-8BE1-21CB9E1E64E0}.Debug|x86.ActiveCfg = Debug|Win32
		{6DF1ABE0-7099-4143-8BE1-21CB9E1E64E0}.Debug|x86.Build.0 = Debug|Win32
		{6DF1ABE0-7099-4143-8BE1-21CB9E1E64E0}.Release|x64.ActiveCfg = Release|x64
		{6DF1ABE0-7099-4143-8BE1-21CB9E1E64E0}.Release|x64.Build.0 = Release|x64
		{6DF1ABE0-7099-4143-8BE1-21CB9E1E64E0}.Release|x86.ActiveCfg = Release|Win32
		{6DF1ABE0-7099-4143-8BE1-21CB9E1E64E0}.Release|x86.Build.0 = Release|Win32
	EndGlobalSection
	GlobalSection(SolutionProperties) = preSolution
		HideSolutionNode = FALSE
	EndGlobalSection
	GlobalSection(ExtensibilityGlobals) = postSolution
		SolutionGuid = {758D7B09-A9D2-4D2C-A7EF-0B949AA5BFF6}
	EndGlobalSection
EndGlobal
